# This file is automatically @generated by Poetry and should not be changed by hand.

[[package]]
name = "attrs"
version = "22.2.0"
description = "Classes Without Boilerplate"
category = "dev"
optional = false
python-versions = ">=3.6"
files = [
    {file = "attrs-22.2.0-py3-none-any.whl", hash = "sha256:29e95c7f6778868dbd49170f98f8818f78f3dc5e0e37c0b1f474e3561b240836"},
    {file = "attrs-22.2.0.tar.gz", hash = "sha256:c9227bfc2f01993c03f68db37d1d15c9690188323c067c641f1a35ca58185f99"},
]

[package.extras]
cov = ["attrs[tests]", "coverage-enable-subprocess", "coverage[toml] (>=5.3)"]
dev = ["attrs[docs,tests]"]
docs = ["furo", "myst-parser", "sphinx", "sphinx-notfound-page", "sphinxcontrib-towncrier", "towncrier", "zope.interface"]
tests = ["attrs[tests-no-zope]", "zope.interface"]
tests-no-zope = ["cloudpickle", "cloudpickle", "hypothesis", "hypothesis", "mypy (>=0.971,<0.990)", "mypy (>=0.971,<0.990)", "pympler", "pympler", "pytest (>=4.3.0)", "pytest (>=4.3.0)", "pytest-mypy-plugins", "pytest-mypy-plugins", "pytest-xdist[psutil]", "pytest-xdist[psutil]"]

[[package]]
name = "autopep8"
version = "1.6.0"
description = "A tool that automatically formats Python code to conform to the PEP 8 style guide"
category = "dev"
optional = false
python-versions = "*"
files = [
    {file = "autopep8-1.6.0-py2.py3-none-any.whl", hash = "sha256:ed77137193bbac52d029a52c59bec1b0629b5a186c495f1eb21b126ac466083f"},
    {file = "autopep8-1.6.0.tar.gz", hash = "sha256:44f0932855039d2c15c4510d6df665e4730f2b8582704fa48f9c55bd3e17d979"},
]

[package.dependencies]
pycodestyle = ">=2.8.0"
toml = "*"

[[package]]
name = "colorama"
version = "0.4.6"
description = "Cross-platform colored terminal text."
category = "dev"
optional = false
python-versions = "!=3.0.*,!=3.1.*,!=3.2.*,!=3.3.*,!=3.4.*,!=3.5.*,!=3.6.*,>=2.7"
files = [
    {file = "colorama-0.4.6-py2.py3-none-any.whl", hash = "sha256:4f1d9991f5acc0ca119f9d443620b77f9d6b33703e51011c16baf57afb285fc6"},
    {file = "colorama-0.4.6.tar.gz", hash = "sha256:08695f5cb7ed6e0531a20572697297273c47b8cae5a63ffc6d6ed5c201be6e44"},
]

[[package]]
name = "coverage"
version = "7.2.1"
description = "Code coverage measurement for Python"
category = "dev"
optional = false
python-versions = ">=3.7"
files = [
    {file = "coverage-7.2.1-cp310-cp310-macosx_10_9_x86_64.whl", hash = "sha256:49567ec91fc5e0b15356da07a2feabb421d62f52a9fff4b1ec40e9e19772f5f8"},
    {file = "coverage-7.2.1-cp310-cp310-macosx_11_0_arm64.whl", hash = "sha256:d2ef6cae70168815ed91388948b5f4fcc69681480a0061114db737f957719f03"},
    {file = "coverage-7.2.1-cp310-cp310-manylinux_2_17_aarch64.manylinux2014_aarch64.whl", hash = "sha256:3004765bca3acd9e015794e5c2f0c9a05587f5e698127ff95e9cfba0d3f29339"},
    {file = "coverage-7.2.1-cp310-cp310-manylinux_2_5_i686.manylinux1_i686.manylinux_2_17_i686.manylinux2014_i686.whl", hash = "sha256:cca7c0b7f5881dfe0291ef09ba7bb1582cb92ab0aeffd8afb00c700bf692415a"},
    {file = "coverage-7.2.1-cp310-cp310-manylinux_2_5_x86_64.manylinux1_x86_64.manylinux_2_17_x86_64.manylinux2014_x86_64.whl", hash = "sha256:b2167d116309f564af56f9aa5e75ef710ef871c5f9b313a83050035097b56820"},
    {file = "coverage-7.2.1-cp310-cp310-musllinux_1_1_aarch64.whl", hash = "sha256:cb5f152fb14857cbe7f3e8c9a5d98979c4c66319a33cad6e617f0067c9accdc4"},
    {file = "coverage-7.2.1-cp310-cp310-musllinux_1_1_i686.whl", hash = "sha256:87dc37f16fb5e3a28429e094145bf7c1753e32bb50f662722e378c5851f7fdc6"},
    {file = "coverage-7.2.1-cp310-cp310-musllinux_1_1_x86_64.whl", hash = "sha256:e191a63a05851f8bce77bc875e75457f9b01d42843f8bd7feed2fc26bbe60833"},
    {file = "coverage-7.2.1-cp310-cp310-win32.whl", hash = "sha256:e3ea04b23b114572b98a88c85379e9e9ae031272ba1fb9b532aa934c621626d4"},
    {file = "coverage-7.2.1-cp310-cp310-win_amd64.whl", hash = "sha256:0cf557827be7eca1c38a2480484d706693e7bb1929e129785fe59ec155a59de6"},
    {file = "coverage-7.2.1-cp311-cp311-macosx_10_9_x86_64.whl", hash = "sha256:570c21a29493b350f591a4b04c158ce1601e8d18bdcd21db136fbb135d75efa6"},
    {file = "coverage-7.2.1-cp311-cp311-macosx_11_0_arm64.whl", hash = "sha256:9e872b082b32065ac2834149dc0adc2a2e6d8203080501e1e3c3c77851b466f9"},
    {file = "coverage-7.2.1-cp311-cp311-manylinux_2_17_aarch64.manylinux2014_aarch64.whl", hash = "sha256:fac6343bae03b176e9b58104a9810df3cdccd5cfed19f99adfa807ffbf43cf9b"},
    {file = "coverage-7.2.1-cp311-cp311-manylinux_2_5_i686.manylinux1_i686.manylinux_2_17_i686.manylinux2014_i686.whl", hash = "sha256:abacd0a738e71b20e224861bc87e819ef46fedba2fb01bc1af83dfd122e9c319"},
    {file = "coverage-7.2.1-cp311-cp311-manylinux_2_5_x86_64.manylinux1_x86_64.manylinux_2_17_x86_64.manylinux2014_x86_64.whl", hash = "sha256:d9256d4c60c4bbfec92721b51579c50f9e5062c21c12bec56b55292464873508"},
    {file = "coverage-7.2.1-cp311-cp311-musllinux_1_1_aarch64.whl", hash = "sha256:80559eaf6c15ce3da10edb7977a1548b393db36cbc6cf417633eca05d84dd1ed"},
    {file = "coverage-7.2.1-cp311-cp311-musllinux_1_1_i686.whl", hash = "sha256:0bd7e628f6c3ec4e7d2d24ec0e50aae4e5ae95ea644e849d92ae4805650b4c4e"},
    {file = "coverage-7.2.1-cp311-cp311-musllinux_1_1_x86_64.whl", hash = "sha256:09643fb0df8e29f7417adc3f40aaf379d071ee8f0350ab290517c7004f05360b"},
    {file = "coverage-7.2.1-cp311-cp311-win32.whl", hash = "sha256:1b7fb13850ecb29b62a447ac3516c777b0e7a09ecb0f4bb6718a8654c87dfc80"},
    {file = "coverage-7.2.1-cp311-cp311-win_amd64.whl", hash = "sha256:617a94ada56bbfe547aa8d1b1a2b8299e2ec1ba14aac1d4b26a9f7d6158e1273"},
    {file = "coverage-7.2.1-cp37-cp37m-macosx_10_9_x86_64.whl", hash = "sha256:8649371570551d2fd7dee22cfbf0b61f1747cdfb2b7587bb551e4beaaa44cb97"},
    {file = "coverage-7.2.1-cp37-cp37m-manylinux_2_17_aarch64.manylinux2014_aarch64.whl", hash = "sha256:5d2b9b5e70a21474c105a133ba227c61bc95f2ac3b66861143ce39a5ea4b3f84"},
    {file = "coverage-7.2.1-cp37-cp37m-manylinux_2_5_i686.manylinux1_i686.manylinux_2_17_i686.manylinux2014_i686.whl", hash = "sha256:ae82c988954722fa07ec5045c57b6d55bc1a0890defb57cf4a712ced65b26ddd"},
    {file = "coverage-7.2.1-cp37-cp37m-manylinux_2_5_x86_64.manylinux1_x86_64.manylinux_2_17_x86_64.manylinux2014_x86_64.whl", hash = "sha256:861cc85dfbf55a7a768443d90a07e0ac5207704a9f97a8eb753292a7fcbdfcfc"},
    {file = "coverage-7.2.1-cp37-cp37m-musllinux_1_1_aarch64.whl", hash = "sha256:0339dc3237c0d31c3b574f19c57985fcbe494280153bbcad33f2cdf469f4ac3e"},
    {file = "coverage-7.2.1-cp37-cp37m-musllinux_1_1_i686.whl", hash = "sha256:5928b85416a388dd557ddc006425b0c37e8468bd1c3dc118c1a3de42f59e2a54"},
    {file = "coverage-7.2.1-cp37-cp37m-musllinux_1_1_x86_64.whl", hash = "sha256:8d3843ca645f62c426c3d272902b9de90558e9886f15ddf5efe757b12dd376f5"},
    {file = "coverage-7.2.1-cp37-cp37m-win32.whl", hash = "sha256:6a034480e9ebd4e83d1aa0453fd78986414b5d237aea89a8fdc35d330aa13bae"},
    {file = "coverage-7.2.1-cp37-cp37m-win_amd64.whl", hash = "sha256:6fce673f79a0e017a4dc35e18dc7bb90bf6d307c67a11ad5e61ca8d42b87cbff"},
    {file = "coverage-7.2.1-cp38-cp38-macosx_10_9_x86_64.whl", hash = "sha256:7f099da6958ddfa2ed84bddea7515cb248583292e16bb9231d151cd528eab657"},
    {file = "coverage-7.2.1-cp38-cp38-macosx_11_0_arm64.whl", hash = "sha256:97a3189e019d27e914ecf5c5247ea9f13261d22c3bb0cfcfd2a9b179bb36f8b1"},
    {file = "coverage-7.2.1-cp38-cp38-manylinux_2_17_aarch64.manylinux2014_aarch64.whl", hash = "sha256:a81dbcf6c6c877986083d00b834ac1e84b375220207a059ad45d12f6e518a4e3"},
    {file = "coverage-7.2.1-cp38-cp38-manylinux_2_5_i686.manylinux1_i686.manylinux_2_17_i686.manylinux2014_i686.whl", hash = "sha256:78d2c3dde4c0b9be4b02067185136b7ee4681978228ad5ec1278fa74f5ca3e99"},
    {file = "coverage-7.2.1-cp38-cp38-manylinux_2_5_x86_64.manylinux1_x86_64.manylinux_2_17_x86_64.manylinux2014_x86_64.whl", hash = "sha256:3a209d512d157379cc9ab697cbdbb4cfd18daa3e7eebaa84c3d20b6af0037384"},
    {file = "coverage-7.2.1-cp38-cp38-musllinux_1_1_aarch64.whl", hash = "sha256:f3d07edb912a978915576a776756069dede66d012baa503022d3a0adba1b6afa"},
    {file = "coverage-7.2.1-cp38-cp38-musllinux_1_1_i686.whl", hash = "sha256:8dca3c1706670297851bca1acff9618455122246bdae623be31eca744ade05ec"},
    {file = "coverage-7.2.1-cp38-cp38-musllinux_1_1_x86_64.whl", hash = "sha256:b1991a6d64231a3e5bbe3099fb0dd7c9aeaa4275ad0e0aeff4cb9ef885c62ba2"},
    {file = "coverage-7.2.1-cp38-cp38-win32.whl", hash = "sha256:22c308bc508372576ffa3d2dbc4824bb70d28eeb4fcd79d4d1aed663a06630d0"},
    {file = "coverage-7.2.1-cp38-cp38-win_amd64.whl", hash = "sha256:b0c0d46de5dd97f6c2d1b560bf0fcf0215658097b604f1840365296302a9d1fb"},
    {file = "coverage-7.2.1-cp39-cp39-macosx_10_9_x86_64.whl", hash = "sha256:4dd34a935de268a133e4741827ae951283a28c0125ddcdbcbba41c4b98f2dfef"},
    {file = "coverage-7.2.1-cp39-cp39-macosx_11_0_arm64.whl", hash = "sha256:0f8318ed0f3c376cfad8d3520f496946977abde080439d6689d7799791457454"},
    {file = "coverage-7.2.1-cp39-cp39-manylinux_2_17_aarch64.manylinux2014_aarch64.whl", hash = "sha256:834c2172edff5a08d78e2f53cf5e7164aacabeb66b369f76e7bb367ca4e2d993"},
    {file = "coverage-7.2.1-cp39-cp39-manylinux_2_5_i686.manylinux1_i686.manylinux_2_17_i686.manylinux2014_i686.whl", hash = "sha256:e4d70c853f0546855f027890b77854508bdb4d6a81242a9d804482e667fff6e6"},
    {file = "coverage-7.2.1-cp39-cp39-manylinux_2_5_x86_64.manylinux1_x86_64.manylinux_2_17_x86_64.manylinux2014_x86_64.whl", hash = "sha256:8a6450da4c7afc4534305b2b7d8650131e130610cea448ff240b6ab73d7eab63"},
    {file = "coverage-7.2.1-cp39-cp39-musllinux_1_1_aarch64.whl", hash = "sha256:99f4dd81b2bb8fc67c3da68b1f5ee1650aca06faa585cbc6818dbf67893c6d58"},
    {file = "coverage-7.2.1-cp39-cp39-musllinux_1_1_i686.whl", hash = "sha256:bdd3f2f285ddcf2e75174248b2406189261a79e7fedee2ceeadc76219b6faa0e"},
    {file = "coverage-7.2.1-cp39-cp39-musllinux_1_1_x86_64.whl", hash = "sha256:f29351393eb05e6326f044a7b45ed8e38cb4dcc38570d12791f271399dc41431"},
    {file = "coverage-7.2.1-cp39-cp39-win32.whl", hash = "sha256:e2b50ebc2b6121edf352336d503357321b9d8738bb7a72d06fc56153fd3f4cd8"},
    {file = "coverage-7.2.1-cp39-cp39-win_amd64.whl", hash = "sha256:bd5a12239c0006252244f94863f1c518ac256160cd316ea5c47fb1a11b25889a"},
    {file = "coverage-7.2.1-pp37.pp38.pp39-none-any.whl", hash = "sha256:436313d129db7cf5b4ac355dd2bd3f7c7e5294af077b090b85de75f8458b8616"},
    {file = "coverage-7.2.1.tar.gz", hash = "sha256:c77f2a9093ccf329dd523a9b2b3c854c20d2a3d968b6def3b820272ca6732242"},
]

[package.dependencies]
tomli = {version = "*", optional = true, markers = "python_full_version <= \"3.11.0a6\" and extra == \"toml\""}

[package.extras]
toml = ["tomli"]

[[package]]
name = "cyclonedx-bom"
version = "3.11.0"
description = "CycloneDX Software Bill of Materials (SBOM) generation utility"
category = "main"
optional = false
python-versions = ">=3.6,<4.0"
files = [
    {file = "cyclonedx_bom-3.11.0-py3-none-any.whl", hash = "sha256:d7f611967a71a5a5f4d1c7a53fe1d5f86e4c7b04b41b67d99efed185cce56816"},
    {file = "cyclonedx_bom-3.11.0.tar.gz", hash = "sha256:cec3b5a5b4d7703bb807732566cc777c07749efffaf2d1b4724dcbb61d3c0fd1"},
]

[package.dependencies]
cyclonedx-python-lib = ">=2.0.0,<4.0.0"
packageurl-python = ">=0.9"
pip-requirements-parser = ">=32.0.0,<33.0.0"
setuptools = ">=47.0.0"
toml = ">=0.10.0,<0.11.0"

[[package]]
name = "cyclonedx-python-lib"
version = "3.1.5"
description = "A library for producing CycloneDX SBOM (Software Bill of Materials) files."
category = "main"
optional = false
python-versions = ">=3.6,<4.0"
files = [
    {file = "cyclonedx_python_lib-3.1.5-py3-none-any.whl", hash = "sha256:8981ca462fba91469c268d684a03f72c89c7a807674d884f83a28d8c2822a9b6"},
    {file = "cyclonedx_python_lib-3.1.5.tar.gz", hash = "sha256:1ccd482024a30b95c4fffb3fe567a9df97b705f34c1075f8abde8537867600c3"},
]

[package.dependencies]
packageurl-python = ">=0.9"
setuptools = ">=47.0.0"
sortedcontainers = ">=2.4.0,<3.0.0"
toml = ">=0.10.0,<0.11.0"

[[package]]
name = "exceptiongroup"
version = "1.1.0"
description = "Backport of PEP 654 (exception groups)"
category = "dev"
optional = false
python-versions = ">=3.7"
files = [
    {file = "exceptiongroup-1.1.0-py3-none-any.whl", hash = "sha256:327cbda3da756e2de031a3107b81ab7b3770a602c4d16ca618298c526f4bec1e"},
    {file = "exceptiongroup-1.1.0.tar.gz", hash = "sha256:bcb67d800a4497e1b404c2dd44fca47d3b7a5e5433dbab67f96c1a685cdfdf23"},
]

[package.extras]
test = ["pytest (>=6)"]

[[package]]
name = "fire"
version = "0.5.0"
description = "A library for automatically generating command line interfaces."
category = "main"
optional = false
python-versions = "*"
files = [
    {file = "fire-0.5.0.tar.gz", hash = "sha256:a6b0d49e98c8963910021f92bba66f65ab440da2982b78eb1bbf95a0a34aacc6"},
]

[package.dependencies]
six = "*"
termcolor = "*"

[[package]]
name = "flake8"
version = "4.0.1"
description = "the modular source code checker: pep8 pyflakes and co"
category = "dev"
optional = false
python-versions = ">=3.6"
files = [
    {file = "flake8-4.0.1-py2.py3-none-any.whl", hash = "sha256:479b1304f72536a55948cb40a32dce8bb0ffe3501e26eaf292c7e60eb5e0428d"},
    {file = "flake8-4.0.1.tar.gz", hash = "sha256:806e034dda44114815e23c16ef92f95c91e4c71100ff52813adf7132a6ad870d"},
]

[package.dependencies]
mccabe = ">=0.6.0,<0.7.0"
pycodestyle = ">=2.8.0,<2.9.0"
pyflakes = ">=2.4.0,<2.5.0"

[[package]]
name = "flake8-formatter-junit-xml"
version = "0.0.6"
description = "JUnit XML Formatter for flake8"
category = "dev"
optional = false
python-versions = "*"
files = [
    {file = "flake8_formatter_junit_xml-0.0.6-py2.py3-none-any.whl", hash = "sha256:6358a44ecafdf0f9c8ee5314859b8d6f553dc2e55e946a24c538185e1eba7ce6"},
    {file = "flake8_formatter_junit_xml-0.0.6.tar.gz", hash = "sha256:1ddd9356bb30ba736c3f14c769c837cfacf4f79c3d383ab963ef9d38eea05a9c"},
]

[package.dependencies]
flake8 = ">3.0.0"
junit-xml = ">=1.8"

[[package]]
name = "flake8-html"
version = "0.4.3"
description = "Generate HTML reports of flake8 violations"
category = "dev"
optional = false
python-versions = "*"
files = [
    {file = "flake8-html-0.4.3.tar.gz", hash = "sha256:8b870299620cc4a06f73644a1b4d457799abeca1cc914c62ae71ec5bf65c79a5"},
    {file = "flake8_html-0.4.3-py2.py3-none-any.whl", hash = "sha256:8f126748b1b0edd6cd39e87c6192df56e2f8655b0aa2bb00ffeac8cf27be4325"},
]

[package.dependencies]
flake8 = ">=3.3.0"
jinja2 = ">=3.1.0"
pygments = ">=2.2.0"

[[package]]
name = "iniconfig"
version = "2.0.0"
description = "brain-dead simple config-ini parsing"
category = "dev"
optional = false
python-versions = ">=3.7"
files = [
    {file = "iniconfig-2.0.0-py3-none-any.whl", hash = "sha256:b6a85871a79d2e3b22d2d1b94ac2824226a63c6b741c88f7ae975f18b6778374"},
    {file = "iniconfig-2.0.0.tar.gz", hash = "sha256:2d91e135bf72d31a410b17c16da610a82cb55f6b0477d1a902134b24a455b8b3"},
]

[[package]]
name = "jinja2"
version = "3.1.2"
description = "A very fast and expressive template engine."
category = "dev"
optional = false
python-versions = ">=3.7"
files = [
    {file = "Jinja2-3.1.2-py3-none-any.whl", hash = "sha256:6088930bfe239f0e6710546ab9c19c9ef35e29792895fed6e6e31a023a182a61"},
    {file = "Jinja2-3.1.2.tar.gz", hash = "sha256:31351a702a408a9e7595a8fc6150fc3f43bb6bf7e319770cbc0db9df9437e852"},
]

[package.dependencies]
MarkupSafe = ">=2.0"

[package.extras]
i18n = ["Babel (>=2.7)"]

[[package]]
name = "junit-xml"
version = "1.9"
description = "Creates JUnit XML test result documents that can be read by tools such as Jenkins"
category = "dev"
optional = false
python-versions = "*"
files = [
    {file = "junit-xml-1.9.tar.gz", hash = "sha256:de16a051990d4e25a3982b2dd9e89d671067548718866416faec14d9de56db9f"},
    {file = "junit_xml-1.9-py2.py3-none-any.whl", hash = "sha256:ec5ca1a55aefdd76d28fcc0b135251d156c7106fa979686a4b48d62b761b4732"},
]

[package.dependencies]
six = "*"

[[package]]
name = "markupsafe"
version = "2.1.2"
description = "Safely add untrusted strings to HTML/XML markup."
category = "dev"
optional = false
python-versions = ">=3.7"
files = [
    {file = "MarkupSafe-2.1.2-cp310-cp310-macosx_10_9_universal2.whl", hash = "sha256:665a36ae6f8f20a4676b53224e33d456a6f5a72657d9c83c2aa00765072f31f7"},
    {file = "MarkupSafe-2.1.2-cp310-cp310-macosx_10_9_x86_64.whl", hash = "sha256:340bea174e9761308703ae988e982005aedf427de816d1afe98147668cc03036"},
    {file = "MarkupSafe-2.1.2-cp310-cp310-manylinux_2_17_aarch64.manylinux2014_aarch64.whl", hash = "sha256:22152d00bf4a9c7c83960521fc558f55a1adbc0631fbb00a9471e097b19d72e1"},
    {file = "MarkupSafe-2.1.2-cp310-cp310-manylinux_2_17_x86_64.manylinux2014_x86_64.whl", hash = "sha256:28057e985dace2f478e042eaa15606c7efccb700797660629da387eb289b9323"},
    {file = "MarkupSafe-2.1.2-cp310-cp310-manylinux_2_5_i686.manylinux1_i686.manylinux_2_17_i686.manylinux2014_i686.whl", hash = "sha256:ca244fa73f50a800cf8c3ebf7fd93149ec37f5cb9596aa8873ae2c1d23498601"},
    {file = "MarkupSafe-2.1.2-cp310-cp310-musllinux_1_1_aarch64.whl", hash = "sha256:d9d971ec1e79906046aa3ca266de79eac42f1dbf3612a05dc9368125952bd1a1"},
    {file = "MarkupSafe-2.1.2-cp310-cp310-musllinux_1_1_i686.whl", hash = "sha256:7e007132af78ea9df29495dbf7b5824cb71648d7133cf7848a2a5dd00d36f9ff"},
    {file = "MarkupSafe-2.1.2-cp310-cp310-musllinux_1_1_x86_64.whl", hash = "sha256:7313ce6a199651c4ed9d7e4cfb4aa56fe923b1adf9af3b420ee14e6d9a73df65"},
    {file = "MarkupSafe-2.1.2-cp310-cp310-win32.whl", hash = "sha256:c4a549890a45f57f1ebf99c067a4ad0cb423a05544accaf2b065246827ed9603"},
    {file = "MarkupSafe-2.1.2-cp310-cp310-win_amd64.whl", hash = "sha256:835fb5e38fd89328e9c81067fd642b3593c33e1e17e2fdbf77f5676abb14a156"},
    {file = "MarkupSafe-2.1.2-cp311-cp311-macosx_10_9_universal2.whl", hash = "sha256:2ec4f2d48ae59bbb9d1f9d7efb9236ab81429a764dedca114f5fdabbc3788013"},
    {file = "MarkupSafe-2.1.2-cp311-cp311-macosx_10_9_x86_64.whl", hash = "sha256:608e7073dfa9e38a85d38474c082d4281f4ce276ac0010224eaba11e929dd53a"},
    {file = "MarkupSafe-2.1.2-cp311-cp311-manylinux_2_17_aarch64.manylinux2014_aarch64.whl", hash = "sha256:65608c35bfb8a76763f37036547f7adfd09270fbdbf96608be2bead319728fcd"},
    {file = "MarkupSafe-2.1.2-cp311-cp311-manylinux_2_17_x86_64.manylinux2014_x86_64.whl", hash = "sha256:f2bfb563d0211ce16b63c7cb9395d2c682a23187f54c3d79bfec33e6705473c6"},
    {file = "MarkupSafe-2.1.2-cp311-cp311-manylinux_2_5_i686.manylinux1_i686.manylinux_2_17_i686.manylinux2014_i686.whl", hash = "sha256:da25303d91526aac3672ee6d49a2f3db2d9502a4a60b55519feb1a4c7714e07d"},
    {file = "MarkupSafe-2.1.2-cp311-cp311-musllinux_1_1_aarch64.whl", hash = "sha256:9cad97ab29dfc3f0249b483412c85c8ef4766d96cdf9dcf5a1e3caa3f3661cf1"},
    {file = "MarkupSafe-2.1.2-cp311-cp311-musllinux_1_1_i686.whl", hash = "sha256:085fd3201e7b12809f9e6e9bc1e5c96a368c8523fad5afb02afe3c051ae4afcc"},
    {file = "MarkupSafe-2.1.2-cp311-cp311-musllinux_1_1_x86_64.whl", hash = "sha256:1bea30e9bf331f3fef67e0a3877b2288593c98a21ccb2cf29b74c581a4eb3af0"},
    {file = "MarkupSafe-2.1.2-cp311-cp311-win32.whl", hash = "sha256:7df70907e00c970c60b9ef2938d894a9381f38e6b9db73c5be35e59d92e06625"},
    {file = "MarkupSafe-2.1.2-cp311-cp311-win_amd64.whl", hash = "sha256:e55e40ff0cc8cc5c07996915ad367fa47da6b3fc091fdadca7f5403239c5fec3"},
    {file = "MarkupSafe-2.1.2-cp37-cp37m-macosx_10_9_x86_64.whl", hash = "sha256:a6e40afa7f45939ca356f348c8e23048e02cb109ced1eb8420961b2f40fb373a"},
    {file = "MarkupSafe-2.1.2-cp37-cp37m-manylinux_2_17_aarch64.manylinux2014_aarch64.whl", hash = "sha256:cf877ab4ed6e302ec1d04952ca358b381a882fbd9d1b07cccbfd61783561f98a"},
    {file = "MarkupSafe-2.1.2-cp37-cp37m-manylinux_2_17_x86_64.manylinux2014_x86_64.whl", hash = "sha256:63ba06c9941e46fa389d389644e2d8225e0e3e5ebcc4ff1ea8506dce646f8c8a"},
    {file = "MarkupSafe-2.1.2-cp37-cp37m-manylinux_2_5_i686.manylinux1_i686.manylinux_2_17_i686.manylinux2014_i686.whl", hash = "sha256:f1cd098434e83e656abf198f103a8207a8187c0fc110306691a2e94a78d0abb2"},
    {file = "MarkupSafe-2.1.2-cp37-cp37m-musllinux_1_1_aarch64.whl", hash = "sha256:55f44b440d491028addb3b88f72207d71eeebfb7b5dbf0643f7c023ae1fba619"},
    {file = "MarkupSafe-2.1.2-cp37-cp37m-musllinux_1_1_i686.whl", hash = "sha256:a6f2fcca746e8d5910e18782f976489939d54a91f9411c32051b4aab2bd7c513"},
    {file = "MarkupSafe-2.1.2-cp37-cp37m-musllinux_1_1_x86_64.whl", hash = "sha256:0b462104ba25f1ac006fdab8b6a01ebbfbce9ed37fd37fd4acd70c67c973e460"},
    {file = "MarkupSafe-2.1.2-cp37-cp37m-win32.whl", hash = "sha256:7668b52e102d0ed87cb082380a7e2e1e78737ddecdde129acadb0eccc5423859"},
    {file = "MarkupSafe-2.1.2-cp37-cp37m-win_amd64.whl", hash = "sha256:6d6607f98fcf17e534162f0709aaad3ab7a96032723d8ac8750ffe17ae5a0666"},
    {file = "MarkupSafe-2.1.2-cp38-cp38-macosx_10_9_universal2.whl", hash = "sha256:a806db027852538d2ad7555b203300173dd1b77ba116de92da9afbc3a3be3eed"},
    {file = "MarkupSafe-2.1.2-cp38-cp38-macosx_10_9_x86_64.whl", hash = "sha256:a4abaec6ca3ad8660690236d11bfe28dfd707778e2442b45addd2f086d6ef094"},
    {file = "MarkupSafe-2.1.2-cp38-cp38-manylinux_2_17_aarch64.manylinux2014_aarch64.whl", hash = "sha256:f03a532d7dee1bed20bc4884194a16160a2de9ffc6354b3878ec9682bb623c54"},
    {file = "MarkupSafe-2.1.2-cp38-cp38-manylinux_2_17_x86_64.manylinux2014_x86_64.whl", hash = "sha256:4cf06cdc1dda95223e9d2d3c58d3b178aa5dacb35ee7e3bbac10e4e1faacb419"},
    {file = "MarkupSafe-2.1.2-cp38-cp38-manylinux_2_5_i686.manylinux1_i686.manylinux_2_17_i686.manylinux2014_i686.whl", hash = "sha256:22731d79ed2eb25059ae3df1dfc9cb1546691cc41f4e3130fe6bfbc3ecbbecfa"},
    {file = "MarkupSafe-2.1.2-cp38-cp38-musllinux_1_1_aarch64.whl", hash = "sha256:f8ffb705ffcf5ddd0e80b65ddf7bed7ee4f5a441ea7d3419e861a12eaf41af58"},
    {file = "MarkupSafe-2.1.2-cp38-cp38-musllinux_1_1_i686.whl", hash = "sha256:8db032bf0ce9022a8e41a22598eefc802314e81b879ae093f36ce9ddf39ab1ba"},
    {file = "MarkupSafe-2.1.2-cp38-cp38-musllinux_1_1_x86_64.whl", hash = "sha256:2298c859cfc5463f1b64bd55cb3e602528db6fa0f3cfd568d3605c50678f8f03"},
    {file = "MarkupSafe-2.1.2-cp38-cp38-win32.whl", hash = "sha256:50c42830a633fa0cf9e7d27664637532791bfc31c731a87b202d2d8ac40c3ea2"},
    {file = "MarkupSafe-2.1.2-cp38-cp38-win_amd64.whl", hash = "sha256:bb06feb762bade6bf3c8b844462274db0c76acc95c52abe8dbed28ae3d44a147"},
    {file = "MarkupSafe-2.1.2-cp39-cp39-macosx_10_9_universal2.whl", hash = "sha256:99625a92da8229df6d44335e6fcc558a5037dd0a760e11d84be2260e6f37002f"},
    {file = "MarkupSafe-2.1.2-cp39-cp39-macosx_10_9_x86_64.whl", hash = "sha256:8bca7e26c1dd751236cfb0c6c72d4ad61d986e9a41bbf76cb445f69488b2a2bd"},
    {file = "MarkupSafe-2.1.2-cp39-cp39-manylinux_2_17_aarch64.manylinux2014_aarch64.whl", hash = "sha256:40627dcf047dadb22cd25ea7ecfe9cbf3bbbad0482ee5920b582f3809c97654f"},
    {file = "MarkupSafe-2.1.2-cp39-cp39-manylinux_2_17_x86_64.manylinux2014_x86_64.whl", hash = "sha256:40dfd3fefbef579ee058f139733ac336312663c6706d1163b82b3003fb1925c4"},
    {file = "MarkupSafe-2.1.2-cp39-cp39-manylinux_2_5_i686.manylinux1_i686.manylinux_2_17_i686.manylinux2014_i686.whl", hash = "sha256:090376d812fb6ac5f171e5938e82e7f2d7adc2b629101cec0db8b267815c85e2"},
    {file = "MarkupSafe-2.1.2-cp39-cp39-musllinux_1_1_aarch64.whl", hash = "sha256:2e7821bffe00aa6bd07a23913b7f4e01328c3d5cc0b40b36c0bd81d362faeb65"},
    {file = "MarkupSafe-2.1.2-cp39-cp39-musllinux_1_1_i686.whl", hash = "sha256:c0a33bc9f02c2b17c3ea382f91b4db0e6cde90b63b296422a939886a7a80de1c"},
    {file = "MarkupSafe-2.1.2-cp39-cp39-musllinux_1_1_x86_64.whl", hash = "sha256:b8526c6d437855442cdd3d87eede9c425c4445ea011ca38d937db299382e6fa3"},
    {file = "MarkupSafe-2.1.2-cp39-cp39-win32.whl", hash = "sha256:137678c63c977754abe9086a3ec011e8fd985ab90631145dfb9294ad09c102a7"},
    {file = "MarkupSafe-2.1.2-cp39-cp39-win_amd64.whl", hash = "sha256:0576fe974b40a400449768941d5d0858cc624e3249dfd1e0c33674e5c7ca7aed"},
    {file = "MarkupSafe-2.1.2.tar.gz", hash = "sha256:abcabc8c2b26036d62d4c746381a6f7cf60aafcc653198ad678306986b09450d"},
]

[[package]]
name = "mccabe"
version = "0.6.1"
description = "McCabe checker, plugin for flake8"
category = "dev"
optional = false
python-versions = "*"
files = [
    {file = "mccabe-0.6.1-py2.py3-none-any.whl", hash = "sha256:ab8a6258860da4b6677da4bd2fe5dc2c659cff31b3ee4f7f5d64e79735b80d42"},
    {file = "mccabe-0.6.1.tar.gz", hash = "sha256:dd8d182285a0fe56bace7f45b5e7d1a6ebcbf524e8f3bd87eb0f125271b8831f"},
]

[[package]]
name = "packageurl-python"
version = "0.10.4"
description = "A purl aka. Package URL parser and builder"
category = "main"
optional = false
python-versions = ">=3.6"
files = [
    {file = "packageurl-python-0.10.4.tar.gz", hash = "sha256:5c91334f942cd55d45eb0c67dd339a535ef90e25f05b9ec016ad188ed0ef9048"},
    {file = "packageurl_python-0.10.4-py3-none-any.whl", hash = "sha256:bf8a1ffe755634776f6563904d792fb0aa13b377fc86115c36fe17f69b6e59db"},
]

[package.extras]
build = ["wheel"]
test = ["black", "isort", "pytest"]

[[package]]
name = "packaging"
version = "23.0"
description = "Core utilities for Python packages"
category = "main"
optional = false
python-versions = ">=3.7"
files = [
    {file = "packaging-23.0-py3-none-any.whl", hash = "sha256:714ac14496c3e68c99c29b00845f7a2b85f3bb6f1078fd9f72fd20f0570002b2"},
    {file = "packaging-23.0.tar.gz", hash = "sha256:b6ad297f8907de0fa2fe1ccbd26fdaf387f5f47c7275fedf8cce89f99446cf97"},
]

[[package]]
name = "pip-requirements-parser"
version = "32.0.1"
description = "pip requirements parser - a mostly correct pip requirements parsing library because it uses pip's own code."
category = "main"
optional = false
python-versions = ">=3.6.0"
files = [
    {file = "pip-requirements-parser-32.0.1.tar.gz", hash = "sha256:b4fa3a7a0be38243123cf9d1f3518da10c51bdb165a2b2985566247f9155a7d3"},
    {file = "pip_requirements_parser-32.0.1-py3-none-any.whl", hash = "sha256:4659bc2a667783e7a15d190f6fccf8b2486685b6dba4c19c3876314769c57526"},
]

[package.dependencies]
packaging = "*"
pyparsing = "*"

[package.extras]
docs = ["Sphinx (>=3.3.1)", "doc8 (>=0.8.1)", "sphinx-rtd-theme (>=0.5.0)"]
testing = ["aboutcode-toolkit (>=6.0.0)", "black", "pytest (>=6,!=7.0.0)", "pytest-xdist (>=2)"]

[[package]]
name = "pluggy"
version = "1.0.0"
description = "plugin and hook calling mechanisms for python"
category = "dev"
optional = false
python-versions = ">=3.6"
files = [
    {file = "pluggy-1.0.0-py2.py3-none-any.whl", hash = "sha256:74134bbf457f031a36d68416e1509f34bd5ccc019f0bcc952c7b909d06b37bd3"},
    {file = "pluggy-1.0.0.tar.gz", hash = "sha256:4224373bacce55f955a878bf9cfa763c1e360858e330072059e10bad68531159"},
]

[package.extras]
dev = ["pre-commit", "tox"]
testing = ["pytest", "pytest-benchmark"]

[[package]]
name = "py"
version = "1.11.0"
description = "library with cross-python path, ini-parsing, io, code, log facilities"
category = "dev"
optional = false
python-versions = ">=2.7, !=3.0.*, !=3.1.*, !=3.2.*, !=3.3.*, !=3.4.*"
files = [
    {file = "py-1.11.0-py2.py3-none-any.whl", hash = "sha256:607c53218732647dff4acdfcd50cb62615cedf612e72d1724fb1a0cc6405b378"},
    {file = "py-1.11.0.tar.gz", hash = "sha256:51c75c4126074b472f746a24399ad32f6053d1b34b68d2fa41e558e6f4a98719"},
]

[[package]]
name = "pycodestyle"
version = "2.8.0"
description = "Python style guide checker"
category = "dev"
optional = false
python-versions = ">=2.7, !=3.0.*, !=3.1.*, !=3.2.*, !=3.3.*, !=3.4.*"
files = [
    {file = "pycodestyle-2.8.0-py2.py3-none-any.whl", hash = "sha256:720f8b39dde8b293825e7ff02c475f3077124006db4f440dcbc9a20b76548a20"},
    {file = "pycodestyle-2.8.0.tar.gz", hash = "sha256:eddd5847ef438ea1c7870ca7eb78a9d47ce0cdb4851a5523949f2601d0cbbe7f"},
]

[[package]]
name = "pyflakes"
version = "2.4.0"
description = "passive checker of Python programs"
category = "dev"
optional = false
python-versions = ">=2.7, !=3.0.*, !=3.1.*, !=3.2.*, !=3.3.*"
files = [
    {file = "pyflakes-2.4.0-py2.py3-none-any.whl", hash = "sha256:3bb3a3f256f4b7968c9c788781e4ff07dce46bdf12339dcda61053375426ee2e"},
    {file = "pyflakes-2.4.0.tar.gz", hash = "sha256:05a85c2872edf37a4ed30b0cce2f6093e1d0581f8c19d7393122da7e25b2b24c"},
]

[[package]]
name = "pygments"
version = "2.14.0"
description = "Pygments is a syntax highlighting package written in Python."
category = "dev"
optional = false
python-versions = ">=3.6"
files = [
    {file = "Pygments-2.14.0-py3-none-any.whl", hash = "sha256:fa7bd7bd2771287c0de303af8bfdfc731f51bd2c6a47ab69d117138893b82717"},
    {file = "Pygments-2.14.0.tar.gz", hash = "sha256:b3ed06a9e8ac9a9aae5a6f5dbe78a8a58655d17b43b93c078f094ddc476ae297"},
]

[package.extras]
plugins = ["importlib-metadata"]

[[package]]
name = "pyparsing"
version = "3.0.9"
description = "pyparsing module - Classes and methods to define and execute parsing grammars"
category = "main"
optional = false
python-versions = ">=3.6.8"
files = [
    {file = "pyparsing-3.0.9-py3-none-any.whl", hash = "sha256:5026bae9a10eeaefb61dab2f09052b9f4307d44aee4eda64b309723d8d206bbc"},
    {file = "pyparsing-3.0.9.tar.gz", hash = "sha256:2b020ecf7d21b687f219b71ecad3631f644a47f01403fa1d1036b0c6416d70fb"},
]

[package.extras]
diagrams = ["jinja2", "railroad-diagrams"]

[[package]]
name = "pytest"
version = "7.2.2"
description = "pytest: simple powerful testing with Python"
category = "dev"
optional = false
python-versions = ">=3.7"
files = [
    {file = "pytest-7.2.2-py3-none-any.whl", hash = "sha256:130328f552dcfac0b1cec75c12e3f005619dc5f874f0a06e8ff7263f0ee6225e"},
    {file = "pytest-7.2.2.tar.gz", hash = "sha256:c99ab0c73aceb050f68929bc93af19ab6db0558791c6a0715723abe9d0ade9d4"},
]

[package.dependencies]
attrs = ">=19.2.0"
colorama = {version = "*", markers = "sys_platform == \"win32\""}
exceptiongroup = {version = ">=1.0.0rc8", markers = "python_version < \"3.11\""}
iniconfig = "*"
packaging = "*"
pluggy = ">=0.12,<2.0"
tomli = {version = ">=1.0.0", markers = "python_version < \"3.11\""}

[package.extras]
testing = ["argcomplete", "hypothesis (>=3.56)", "mock", "nose", "pygments (>=2.7.2)", "requests", "xmlschema"]

[[package]]
name = "pytest-cov"
version = "4.0.0"
description = "Pytest plugin for measuring coverage."
category = "dev"
optional = false
python-versions = ">=3.6"
files = [
    {file = "pytest-cov-4.0.0.tar.gz", hash = "sha256:996b79efde6433cdbd0088872dbc5fb3ed7fe1578b68cdbba634f14bb8dd0470"},
    {file = "pytest_cov-4.0.0-py3-none-any.whl", hash = "sha256:2feb1b751d66a8bd934e5edfa2e961d11309dc37b73b0eabe73b5945fee20f6b"},
]

[package.dependencies]
coverage = {version = ">=5.2.1", extras = ["toml"]}
pytest = ">=4.6"

[package.extras]
testing = ["fields", "hunter", "process-tests", "pytest-xdist", "six", "virtualenv"]

[[package]]
name = "pytest-html"
version = "3.2.0"
description = "pytest plugin for generating HTML reports"
category = "dev"
optional = false
python-versions = ">=3.6"
files = [
    {file = "pytest-html-3.2.0.tar.gz", hash = "sha256:c4e2f4bb0bffc437f51ad2174a8a3e71df81bbc2f6894604e604af18fbe687c3"},
    {file = "pytest_html-3.2.0-py3-none-any.whl", hash = "sha256:868c08564a68d8b2c26866f1e33178419bb35b1e127c33784a28622eb827f3f3"},
]

[package.dependencies]
py = ">=1.8.2"
pytest = ">=5.0,<6.0.0 || >6.0.0"
pytest-metadata = "*"

[[package]]
name = "pytest-metadata"
version = "2.0.4"
description = "pytest plugin for test session metadata"
category = "dev"
optional = false
python-versions = ">=3.7,<4.0"
files = [
    {file = "pytest_metadata-2.0.4-py3-none-any.whl", hash = "sha256:acb739f89fabb3d798c099e9e0c035003062367a441910aaaf2281bc1972ee14"},
    {file = "pytest_metadata-2.0.4.tar.gz", hash = "sha256:fcc653f65fe3035b478820b5284fbf0f52803622ee3f60a2faed7a7d3ba1f41e"},
]

[package.dependencies]
pytest = ">=3.0.0,<8.0.0"

[[package]]
name = "setuptools"
version = "67.4.0"
description = "Easily download, build, install, upgrade, and uninstall Python packages"
category = "main"
optional = false
python-versions = ">=3.7"
files = [
    {file = "setuptools-67.4.0-py3-none-any.whl", hash = "sha256:f106dee1b506dee5102cc3f3e9e68137bbad6d47b616be7991714b0c62204251"},
    {file = "setuptools-67.4.0.tar.gz", hash = "sha256:e5fd0a713141a4a105412233c63dc4e17ba0090c8e8334594ac790ec97792330"},
]

[package.extras]
docs = ["furo", "jaraco.packaging (>=9)", "jaraco.tidelift (>=1.4)", "pygments-github-lexers (==0.0.5)", "rst.linker (>=1.9)", "sphinx (>=3.5)", "sphinx-favicon", "sphinx-hoverxref (<2)", "sphinx-inline-tabs", "sphinx-lint", "sphinx-notfound-page (==0.8.3)", "sphinx-reredirects", "sphinxcontrib-towncrier"]
testing = ["build[virtualenv]", "filelock (>=3.4.0)", "flake8 (<5)", "flake8-2020", "ini2toml[lite] (>=0.9)", "jaraco.envs (>=2.2)", "jaraco.path (>=3.2.0)", "pip (>=19.1)", "pip-run (>=8.8)", "pytest (>=6)", "pytest-black (>=0.3.7)", "pytest-checkdocs (>=2.4)", "pytest-cov", "pytest-enabler (>=1.3)", "pytest-flake8", "pytest-mypy (>=0.9.1)", "pytest-perf", "pytest-timeout", "pytest-xdist", "tomli-w (>=1.0.0)", "virtualenv (>=13.0.0)", "wheel"]
testing-integration = ["build[virtualenv]", "filelock (>=3.4.0)", "jaraco.envs (>=2.2)", "jaraco.path (>=3.2.0)", "pytest", "pytest-enabler", "pytest-xdist", "tomli", "virtualenv (>=13.0.0)", "wheel"]

[[package]]
name = "six"
version = "1.16.0"
description = "Python 2 and 3 compatibility utilities"
category = "main"
optional = false
python-versions = ">=2.7, !=3.0.*, !=3.1.*, !=3.2.*"
files = [
    {file = "six-1.16.0-py2.py3-none-any.whl", hash = "sha256:8abb2f1d86890a2dfb989f9a77cfcfd3e47c2a354b01111771326f8aa26e0254"},
    {file = "six-1.16.0.tar.gz", hash = "sha256:1e61c37477a1626458e36f7b1d82aa5c9b094fa4802892072e49de9c60c4c926"},
]

[[package]]
name = "sortedcontainers"
version = "2.4.0"
description = "Sorted Containers -- Sorted List, Sorted Dict, Sorted Set"
category = "main"
optional = false
python-versions = "*"
files = [
    {file = "sortedcontainers-2.4.0-py2.py3-none-any.whl", hash = "sha256:a163dcaede0f1c021485e957a39245190e74249897e2ae4b2aa38595db237ee0"},
    {file = "sortedcontainers-2.4.0.tar.gz", hash = "sha256:25caa5a06cc30b6b83d11423433f65d1f9d76c4c6a0c90e3379eaa43b9bfdb88"},
]

[[package]]
name = "termcolor"
version = "2.2.0"
description = "ANSI color formatting for output in terminal"
category = "main"
optional = false
python-versions = ">=3.7"
files = [
    {file = "termcolor-2.2.0-py3-none-any.whl", hash = "sha256:91ddd848e7251200eac969846cbae2dacd7d71c2871e92733289e7e3666f48e7"},
    {file = "termcolor-2.2.0.tar.gz", hash = "sha256:dfc8ac3f350788f23b2947b3e6cfa5a53b630b612e6cd8965a015a776020b99a"},
]

[package.extras]
tests = ["pytest", "pytest-cov"]

[[package]]
name = "toml"
version = "0.10.2"
description = "Python Library for Tom's Obvious, Minimal Language"
category = "main"
optional = false
python-versions = ">=2.6, !=3.0.*, !=3.1.*, !=3.2.*"
files = [
    {file = "toml-0.10.2-py2.py3-none-any.whl", hash = "sha256:806143ae5bfb6a3c6e736a764057db0e6a0e05e338b5630894a5f779cabb4f9b"},
    {file = "toml-0.10.2.tar.gz", hash = "sha256:b3bda1d108d5dd99f4a20d24d9c348e91c4db7ab1b749200bded2f839ccbe68f"},
]

[[package]]
name = "tomli"
version = "2.0.1"
description = "A lil' TOML parser"
category = "dev"
optional = false
python-versions = ">=3.7"
files = [
    {file = "tomli-2.0.1-py3-none-any.whl", hash = "sha256:939de3e7a6161af0c887ef91b7d41a53e7c5a1ca976325f429cb46ea9bc30ecc"},
    {file = "tomli-2.0.1.tar.gz", hash = "sha256:de526c12914f0c550d15924c62d72abc48d6fe7364aa87328337a31007fe8a4f"},
]

[metadata]
lock-version = "2.0"
python-versions = "^3.8"
content-hash = "aed686f45ba65c689780f2e3e39336400fde0333b4a6919c499b6c9d7b6df6b7"
